
Microsoft Visual Studio Solution File, Format Version 12.00
# Visual Studio Version 17
VisualStudioVersion = 17.6.33815.320
MinimumVisualStudioVersion = 10.0.40219.1
Project("{8BC9CEB8-8B4A-11D0-8D11-00A0C91BC942}") = "qsenior-timer", "qsenior-timer\qsenior-timer.vcxproj", "{CCC0FD72-9191-4EC1-AEBD-41F027008F6B}"
EndProject
Project("{8BC9CEB8-8B4A-11D0-8D11-00A0C91BC942}") = "qcloud-saves", "qcloud-saves\qcloud-saves.vcxproj", "{8F23A446-4556-4E35-9A9B-D1FB0E1263BD}"
EndProject
Global
	GlobalSection(SolutionConfigurationPlatforms) = preSolution
		Debug|x64 = Debug|x64
		Debug|x86 = Debug|x86
		Release|x64 = Release|x64
		Release|x86 = Release|x86
	EndGlobalSection
	GlobalSection(ProjectConfigurationPlatforms) = postSolution
		{CCC0FD72-9191-4EC1-AEBD-41F027008F6B}.Debug|x64.ActiveCfg = Debug|x64
		{CCC0FD72-9191-4EC1-AEBD-41F027008F6B}.Debug|x64.Build.0 = Debug|x64
		{CCC0FD72-9191-4EC1-AEBD-41F027008F6B}.Debug|x86.ActiveCfg = Debug|x64
		{CCC0FD72-9191-4EC1-AEBD-41F027008F6B}.Debug|x86.Build.0 = Debug|x64
		{CCC0FD72-9191-4EC1-AEBD-41F027008F6B}.Release|x64.ActiveCfg = Release|x64
		{CCC0FD72-9191-4EC1-AEBD-41F027008F6B}.Release|x64.Build.0 = Release|x64
		{CCC0FD72-9191-4EC1-AEBD-41F027008F6B}.Release|x86.ActiveCfg = Release|x64
		{CCC0FD72-9191-4EC1-AEBD-41F027008F6B}.Release|x86.Build.0 = Release|x64
		{8F23A446-4556-4E35-9A9B-D1FB0E1263BD}.Debug|x64.ActiveCfg = Debug|x64
		{8F23A446-4556-4E35-9A9B-D1FB0E1263BD}.Debug|x64.Build.0 = Debug|x64
		{8F23A446-4556-4E35-9A9B-D1FB0E1263BD}.Debug|x86.ActiveCfg = Debug|x64
		{8F23A446-4556-4E35-9A9B-D1FB0E1263BD}.Debug|x86.Build.0 = Debug|x64
		{8F23A446-4556-4E35-9A9B-D1FB0E1263BD}.Release|x64.ActiveCfg = Release|x64
		{8F23A446-4556-4E35-9A9B-D1FB0E1263BD}.Release|x64.Build.0 = Release|x64
		{8F23A446-4556-4E35-9A9B-D1FB0E1263BD}.Release|x86.ActiveCfg = Release|x64
		{8F23A446-4556-4E35-9A9B-D1FB0E1263BD}.Release|x86.Build.0 = Release|x64
	EndGlobalSection
	GlobalSection(SolutionProperties) = preSolution
		HideSolutionNode = FALSE
	EndGlobalSection
	GlobalSection(ExtensibilityGlobals) = postSolution
		SolutionGuid = {7EEB4B0E-F36D-4E6C-9A98-F9E1551978AC}
	EndGlobalSection
EndGlobal
